
Microsoft Visual Studio Solution File, Format Version 12.00
# Visual Studio Version 16
VisualStudioVersion = 16.0.32106.194
MinimumVisualStudioVersion = 10.0.40219.1
Project("{FAE04EC0-301F-11D3-BF4B-00C04F79EFBC}") = "DanielDevDojo.Server", "DanielDevDojo\Server\DanielDevDojo.Server.csproj", "{F313F9B0-EF20-4FB1-BEBA-EA148E02205D}"
EndProject
Project("{FAE04EC0-301F-11D3-BF4B-00C04F79EFBC}") = "DanielDevDojo.Client", "DanielDevDojo\Client\DanielDevDojo.Client.csproj", "{8BCC8F5B-5E02-4040-8750-3D7BED42E5E7}"
EndProject
Project("{FAE04EC0-301F-11D3-BF4B-00C04F79EFBC}") = "DanielDevDojo.Shared", "DanielDevDojo\Shared\DanielDevDojo.Shared.csproj", "{24B3291A-D463-457E-B6BF-D073C8DAC661}"
EndProject
Global
	GlobalSection(SolutionConfigurationPlatforms) = preSolution
		Debug|Any CPU = Debug|Any CPU
		Release|Any CPU = Release|Any CPU
	EndGlobalSection
	GlobalSection(ProjectConfigurationPlatforms) = postSolution
		{F313F9B0-EF20-4FB1-BEBA-EA148E02205D}.Debug|Any CPU.ActiveCfg = Debug|Any CPU
		{F313F9B0-EF20-4FB1-BEBA-EA148E02205D}.Debug|Any CPU.Build.0 = Debug|Any CPU
		{F313F9B0-EF20-4FB1-BEBA-EA148E02205D}.Release|Any CPU.ActiveCfg = Release|Any CPU
		{F313F9B0-EF20-4FB1-BEBA-EA148E02205D}.Release|Any CPU.Build.0 = Release|Any CPU
		{8BCC8F5B-5E02-4040-8750-3D7BED42E5E7}.Debug|Any CPU.ActiveCfg = Debug|Any CPU
		{8BCC8F5B-5E02-4040-8750-3D7BED42E5E7}.Debug|Any CPU.Build.0 = Debug|Any CPU
		{8BCC8F5B-5E02-4040-8750-3D7BED42E5E7}.Release|Any CPU.ActiveCfg = Release|Any CPU
		{8BCC8F5B-5E02-4040-8750-3D7BED42E5E7}.Release|Any CPU.Build.0 = Release|Any CPU
		{24B3291A-D463-457E-B6BF-D073C8DAC661}.Debug|Any CPU.ActiveCfg = Debug|Any CPU
		{24B3291A-D463-457E-B6BF-D073C8DAC661}.Debug|Any CPU.Build.0 = Debug|Any CPU
		{24B3291A-D463-457E-B6BF-D073C8DAC661}.Release|Any CPU.ActiveCfg = Release|Any CPU
		{24B3291A-D463-457E-B6BF-D073C8DAC661}.Release|Any CPU.Build.0 = Release|Any CPU
	EndGlobalSection
	GlobalSection(SolutionProperties) = preSolution
		HideSolutionNode = FALSE
	EndGlobalSection
	GlobalSection(ExtensibilityGlobals) = postSolution
		SolutionGuid = {DCD455D0-F58B-4D63-AF2D-991C4B27BF98}
	EndGlobalSection
EndGlobal
